
Microsoft Visual Studio Solution File, Format Version 12.00
# Visual Studio Version 17
VisualStudioVersion = 17.14.36915.13 d17.14
MinimumVisualStudioVersion = 10.0.40219.1
Project("{FAE04EC0-301F-11D3-BF4B-00C04F79EFBC}") = "изпит06", "изпит06.csproj", "{B280D687-58EE-4DE9-9C58-CA227A8ADD05}"
EndProject
Global
	GlobalSection(SolutionConfigurationPlatforms) = preSolution
		Debug|Any CPU = Debug|Any CPU
		Release|Any CPU = Release|Any CPU
	EndGlobalSection
	GlobalSection(ProjectConfigurationPlatforms) = postSolution
		{B280D687-58EE-4DE9-9C58-CA227A8ADD05}.Debug|Any CPU.ActiveCfg = Debug|Any CPU
		{B280D687-58EE-4DE9-9C58-CA227A8ADD05}.Debug|Any CPU.Build.0 = Debug|Any CPU
		{B280D687-58EE-4DE9-9C58-CA227A8ADD05}.Release|Any CPU.ActiveCfg = Release|Any CPU
		{B280D687-58EE-4DE9-9C58-CA227A8ADD05}.Release|Any CPU.Build.0 = Release|Any CPU
	EndGlobalSection
	GlobalSection(SolutionProperties) = preSolution
		HideSolutionNode = FALSE
	EndGlobalSection
	GlobalSection(ExtensibilityGlobals) = postSolution
		SolutionGuid = {9DE4470F-6991-486E-9A22-CEEF3237F421}
	EndGlobalSection
EndGlobal
